
Microsoft Visual Studio Solution File, Format Version 12.00
# Visual Studio Version 17
VisualStudioVersion = 17.12.35707.178 d17.12
MinimumVisualStudioVersion = 10.0.40219.1
Project("{FAE04EC0-301F-11D3-BF4B-00C04F79EFBC}") = "SSMS.API", "SSMS.API\SSMS.API.csproj", "{695744F6-FFC7-4CDD-B8EE-1301235277A1}"
EndProject
Project("{FAE04EC0-301F-11D3-BF4B-00C04F79EFBC}") = "SSMS.Application", "SSMS.Application\SSMS.Application.csproj", "{6C71CC50-68E2-4152-A182-FE3F7D69E63A}"
EndProject
Project("{FAE04EC0-301F-11D3-BF4B-00C04F79EFBC}") = "SSMS.Core", "SSMS.Core\SSMS.Core.csproj", "{12B7AAB5-C65D-4A8C-88C0-4253877E6A63}"
EndProject
Project("{FAE04EC0-301F-11D3-BF4B-00C04F79EFBC}") = "SSMS.Infrastructure", "SSMS.Infrastructure\SSMS.Infrastructure.csproj", "{1043E3AA-FAD2-409E-80CF-5617B8D2B372}"
EndProject
Global
	GlobalSection(SolutionConfigurationPlatforms) = preSolution
		Debug|Any CPU = Debug|Any CPU
		Release|Any CPU = Release|Any CPU
	EndGlobalSection
	GlobalSection(ProjectConfigurationPlatforms) = postSolution
		{695744F6-FFC7-4CDD-B8EE-1301235277A1}.Debug|Any CPU.ActiveCfg = Debug|Any CPU
		{695744F6-FFC7-4CDD-B8EE-1301235277A1}.Debug|Any CPU.Build.0 = Debug|Any CPU
		{695744F6-FFC7-4CDD-B8EE-1301235277A1}.Release|Any CPU.ActiveCfg = Release|Any CPU
		{695744F6-FFC7-4CDD-B8EE-1301235277A1}.Release|Any CPU.Build.0 = Release|Any CPU
		{6C71CC50-68E2-4152-A182-FE3F7D69E63A}.Debug|Any CPU.ActiveCfg = Debug|Any CPU
		{6C71CC50-68E2-4152-A182-FE3F7D69E63A}.Debug|Any CPU.Build.0 = Debug|Any CPU
		{6C71CC50-68E2-4152-A182-FE3F7D69E63A}.Release|Any CPU.ActiveCfg = Release|Any CPU
		{6C71CC50-68E2-4152-A182-FE3F7D69E63A}.Release|Any CPU.Build.0 = Release|Any CPU
		{12B7AAB5-C65D-4A8C-88C0-4253877E6A63}.Debug|Any CPU.ActiveCfg = Debug|Any CPU
		{12B7AAB5-C65D-4A8C-88C0-4253877E6A63}.Debug|Any CPU.Build.0 = Debug|Any CPU
		{12B7AAB5-C65D-4A8C-88C0-4253877E6A63}.Release|Any CPU.ActiveCfg = Release|Any CPU
		{12B7AAB5-C65D-4A8C-88C0-4253877E6A63}.Release|Any CPU.Build.0 = Release|Any CPU
		{1043E3AA-FAD2-409E-80CF-5617B8D2B372}.Debug|Any CPU.ActiveCfg = Debug|Any CPU
		{1043E3AA-FAD2-409E-80CF-5617B8D2B372}.Debug|Any CPU.Build.0 = Debug|Any CPU
		{1043E3AA-FAD2-409E-80CF-5617B8D2B372}.Release|Any CPU.ActiveCfg = Release|Any CPU
		{1043E3AA-FAD2-409E-80CF-5617B8D2B372}.Release|Any CPU.Build.0 = Release|Any CPU
	EndGlobalSection
	GlobalSection(SolutionProperties) = preSolution
		HideSolutionNode = FALSE
	EndGlobalSection
EndGlobal
